
Microsoft Visual Studio Solution File, Format Version 12.00
# Visual Studio Version 17
VisualStudioVersion = 17.11.35312.102
MinimumVisualStudioVersion = 10.0.40219.1
Project("{2150E333-8FDC-42A3-9474-1A3956D46DE8}") = "Task0", "Task0", "{0A1F4387-9FA4-4159-BFC4-24F0DC7CFCD9}"
EndProject
Project("{FAE04EC0-301F-11D3-BF4B-00C04F79EFBC}") = "Tyuiu.MokhamedAA.Sprint5.Task0.V14", "Tyuiu.MokhamedAA.Sprint5.Task0.V14\Tyuiu.MokhamedAA.Sprint5.Task0.V14.csproj", "{D9F62CB0-324F-43EC-A8C9-7B84D7FFC8D0}"
EndProject
Project("{FAE04EC0-301F-11D3-BF4B-00C04F79EFBC}") = "Tyuiu.MokhamedAA.Sprint5.Task0.V14.Lib", "Tyuiu.MokhamedAA.Sprint5.Task0.V14.Lib\Tyuiu.MokhamedAA.Sprint5.Task0.V14.Lib.csproj", "{9FEE8AEA-1881-4AE4-94F7-7ACFA6BDB902}"
EndProject
Project("{FAE04EC0-301F-11D3-BF4B-00C04F79EFBC}") = "Tyuiu.MokhamedAA.Sprint5.Task0.V14.Test", "Tyuiu.MokhamedAA.Sprint5.Task0.V14.Test\Tyuiu.MokhamedAA.Sprint5.Task0.V14.Test.csproj", "{78A2296A-FA6D-4E55-847E-7295FADC25F1}"
EndProject
Project("{2150E333-8FDC-42A3-9474-1A3956D46DE8}") = "Task1", "Task1", "{95F6E8E1-CB11-4F2E-B05E-4127018A15F5}"
EndProject
Project("{FAE04EC0-301F-11D3-BF4B-00C04F79EFBC}") = "Tyuiu.MokhamedAA.Sprint5.Task1.V20", "Tyuiu.MokhamedAA.Sprint5.Task1.V20\Tyuiu.MokhamedAA.Sprint5.Task1.V20.csproj", "{8796BDE8-4603-426A-99E2-C0759C0FFEE2}"
EndProject
Project("{FAE04EC0-301F-11D3-BF4B-00C04F79EFBC}") = "Tyuiu.MokhamedAA.Sprint5.Task1.V20.Lib", "Tyuiu.MokhamedAA.Sprint5.Task1.V20.Lib\Tyuiu.MokhamedAA.Sprint5.Task1.V20.Lib.csproj", "{BC14DBAD-B434-4B33-9FE9-D72CDD728706}"
EndProject
Project("{FAE04EC0-301F-11D3-BF4B-00C04F79EFBC}") = "Tyuiu.MokhamedAA.Sprint5.Task1.V20.Test", "Tyuiu.MokhamedAA.Sprint5.Task1.V20.Test\Tyuiu.MokhamedAA.Sprint5.Task1.V20.Test.csproj", "{6CC809CA-08D5-4DBE-AC1D-CCA79F418D9A}"
EndProject
Project("{2150E333-8FDC-42A3-9474-1A3956D46DE8}") = "Task2", "Task2", "{C6A35A6F-9A83-4D01-BD55-FBBEA423D1D5}"
EndProject
Project("{FAE04EC0-301F-11D3-BF4B-00C04F79EFBC}") = "Tyuiu.MokhamedAA.Sprint5.Task2.V16", "Tyuiu.MokhamedAA.Sprint5.Task2.V16\Tyuiu.MokhamedAA.Sprint5.Task2.V16.csproj", "{CBEF002B-FE0F-43E0-A698-C9956A89AD78}"
EndProject
Project("{FAE04EC0-301F-11D3-BF4B-00C04F79EFBC}") = "Tyuiu.MokhamedAA.Sprint5.Task2.V16.Lib", "Tyuiu.MokhamedAA.Sprint5.Task2.V16.Lib\Tyuiu.MokhamedAA.Sprint5.Task2.V16.Lib.csproj", "{60C0CD6F-0C17-4E8F-A651-1B54EB20B4B6}"
EndProject
Project("{FAE04EC0-301F-11D3-BF4B-00C04F79EFBC}") = "Tyuiu.MokhamedAA.Sprint5.Task2.V16.Test", "Tyuiu.MokhamedAA.Sprint5.Task2.V16.Test\Tyuiu.MokhamedAA.Sprint5.Task2.V16.Test.csproj", "{6D7DAE31-52AD-454A-847C-5C8517781FD6}"
EndProject
Project("{2150E333-8FDC-42A3-9474-1A3956D46DE8}") = "Task3", "Task3", "{3EE622BA-8714-4DA2-95DD-2BE87C6DEF0C}"
EndProject
Project("{FAE04EC0-301F-11D3-BF4B-00C04F79EFBC}") = "Tyuiu.MokhamedAA.Sprint5.Task3.V13", "Tyuiu.MokhamedAA.Sprint5.Task3.V13\Tyuiu.MokhamedAA.Sprint5.Task3.V13.csproj", "{2823678E-4A6D-4B57-9764-EA7F055BD42A}"
EndProject
Project("{FAE04EC0-301F-11D3-BF4B-00C04F79EFBC}") = "Tyuiu.MokhamedAA.Sprint5.Task3.V13.Lib", "Tyuiu.MokhamedAA.Sprint5.Task3.V13.Lib\Tyuiu.MokhamedAA.Sprint5.Task3.V13.Lib.csproj", "{2821F647-7DCD-49CF-BE61-02B5307DE93E}"
EndProject
Project("{FAE04EC0-301F-11D3-BF4B-00C04F79EFBC}") = "Tyuiu.MokhamedAA.Sprint5.Task3.V13.Test", "Tyuiu.MokhamedAA.Sprint5.Task3.V13.Test\Tyuiu.MokhamedAA.Sprint5.Task3.V13.Test.csproj", "{E4ECB8A7-6EE5-4D8A-9955-F5E43CFFE873}"
EndProject
Project("{2150E333-8FDC-42A3-9474-1A3956D46DE8}") = "Task4", "Task4", "{A399CABB-D011-45FF-9667-A44712EB2C15}"
EndProject
Project("{FAE04EC0-301F-11D3-BF4B-00C04F79EFBC}") = "Tyuiu.MokhamedAA.Sprint5.Task4.V30", "Tyuiu.MokhamedAA.Sprint5.Task4.V30\Tyuiu.MokhamedAA.Sprint5.Task4.V30.csproj", "{93E2A8E7-E674-4100-A39F-F52216F37400}"
EndProject
Project("{FAE04EC0-301F-11D3-BF4B-00C04F79EFBC}") = "Tyuiu.MokhamedAA.Sprint5.Task4.V30.Lib", "Tyuiu.MokhamedAA.Sprint5.Task4.V30.Lib\Tyuiu.MokhamedAA.Sprint5.Task4.V30.Lib.csproj", "{100904D5-BB56-46A3-9C54-CE042C106020}"
EndProject
Project("{FAE04EC0-301F-11D3-BF4B-00C04F79EFBC}") = "Tyuiu.MokhamedAA.Sprint5.Task4.V30.Test", "Tyuiu.MokhamedAA.Sprint5.Task4.V30.Test\Tyuiu.MokhamedAA.Sprint5.Task4.V30.Test.csproj", "{E7F2BE1B-CBE0-4E24-ADC2-7DB3E03FDA6D}"
EndProject
Project("{2150E333-8FDC-42A3-9474-1A3956D46DE8}") = "Task5", "Task5", "{3BFE1E53-73A4-4A0C-9E96-1DC014C16259}"
EndProject
Project("{FAE04EC0-301F-11D3-BF4B-00C04F79EFBC}") = "Tyuiu.MokhamedAA.Sprint5.Task5.V2", "Tyuiu.MokhamedAA.Sprint5.Task5.V2\Tyuiu.MokhamedAA.Sprint5.Task5.V2.csproj", "{3016714C-1D4C-491D-85F2-B84A2D120B04}"
EndProject
Project("{FAE04EC0-301F-11D3-BF4B-00C04F79EFBC}") = "Tyuiu.MokhamedAA.Sprint5.Task5.V2.Lib", "Tyuiu.MokhamedAA.Sprint5.Task5.V2.Lib\Tyuiu.MokhamedAA.Sprint5.Task5.V2.Lib.csproj", "{50D7C5E0-9723-4B4E-A18A-6B0EFE18EB3F}"
EndProject
Project("{FAE04EC0-301F-11D3-BF4B-00C04F79EFBC}") = "Tyuiu.MokhamedAA.Sprint5.Task5.V2.Test", "Tyuiu.MokhamedAA.Sprint5.Task5.V2.Test\Tyuiu.MokhamedAA.Sprint5.Task5.V2.Test.csproj", "{41A894ED-D727-4152-A0A4-AC3EC03CC621}"
EndProject
Global
	GlobalSection(SolutionConfigurationPlatforms) = preSolution
		Debug|Any CPU = Debug|Any CPU
		Release|Any CPU = Release|Any CPU
	EndGlobalSection
	GlobalSection(ProjectConfigurationPlatforms) = postSolution
		{D9F62CB0-324F-43EC-A8C9-7B84D7FFC8D0}.Debug|Any CPU.ActiveCfg = Debug|Any CPU
		{D9F62CB0-324F-43EC-A8C9-7B84D7FFC8D0}.Debug|Any CPU.Build.0 = Debug|Any CPU
		{D9F62CB0-324F-43EC-A8C9-7B84D7FFC8D0}.Release|Any CPU.ActiveCfg = Release|Any CPU
		{D9F62CB0-324F-43EC-A8C9-7B84D7FFC8D0}.Release|Any CPU.Build.0 = Release|Any CPU
		{9FEE8AEA-1881-4AE4-94F7-7ACFA6BDB902}.Debug|Any CPU.ActiveCfg = Debug|Any CPU
		{9FEE8AEA-1881-4AE4-94F7-7ACFA6BDB902}.Debug|Any CPU.Build.0 = Debug|Any CPU
		{9FEE8AEA-1881-4AE4-94F7-7ACFA6BDB902}.Release|Any CPU.ActiveCfg = Release|Any CPU
		{9FEE8AEA-1881-4AE4-94F7-7ACFA6BDB902}.Release|Any CPU.Build.0 = Release|Any CPU
		{78A2296A-FA6D-4E55-847E-7295FADC25F1}.Debug|Any CPU.ActiveCfg = Debug|Any CPU
		{78A2296A-FA6D-4E55-847E-7295FADC25F1}.Debug|Any CPU.Build.0 = Debug|Any CPU
		{78A2296A-FA6D-4E55-847E-7295FADC25F1}.Release|Any CPU.ActiveCfg = Release|Any CPU
		{78A2296A-FA6D-4E55-847E-7295FADC25F1}.Release|Any CPU.Build.0 = Release|Any CPU
		{8796BDE8-4603-426A-99E2-C0759C0FFEE2}.Debug|Any CPU.ActiveCfg = Debug|Any CPU
		{8796BDE8-4603-426A-99E2-C0759C0FFEE2}.Debug|Any CPU.Build.0 = Debug|Any CPU
		{8796BDE8-4603-426A-99E2-C0759C0FFEE2}.Release|Any CPU.ActiveCfg = Release|Any CPU
		{8796BDE8-4603-426A-99E2-C0759C0FFEE2}.Release|Any CPU.Build.0 = Release|Any CPU
		{BC14DBAD-B434-4B33-9FE9-D72CDD728706}.Debug|Any CPU.ActiveCfg = Debug|Any CPU
		{BC14DBAD-B434-4B33-9FE9-D72CDD728706}.Debug|Any CPU.Build.0 = Debug|Any CPU
		{BC14DBAD-B434-4B33-9FE9-D72CDD728706}.Release|Any CPU.ActiveCfg = Release|Any CPU
		{BC14DBAD-B434-4B33-9FE9-D72CDD728706}.Release|Any CPU.Build.0 = Release|Any CPU
		{6CC809CA-08D5-4DBE-AC1D-CCA79F418D9A}.Debug|Any CPU.ActiveCfg = Debug|Any CPU
		{6CC809CA-08D5-4DBE-AC1D-CCA79F418D9A}.Debug|Any CPU.Build.0 = Debug|Any CPU
		{6CC809CA-08D5-4DBE-AC1D-CCA79F418D9A}.Release|Any CPU.ActiveCfg = Release|Any CPU
		{6CC809CA-08D5-4DBE-AC1D-CCA79F418D9A}.Release|Any CPU.Build.0 = Release|Any CPU
		{CBEF002B-FE0F-43E0-A698-C9956A89AD78}.Debug|Any CPU.ActiveCfg = Debug|Any CPU
		{CBEF002B-FE0F-43E0-A698-C9956A89AD78}.Debug|Any CPU.Build.0 = Debug|Any CPU
		{CBEF002B-FE0F-43E0-A698-C9956A89AD78}.Release|Any CPU.ActiveCfg = Release|Any CPU
		{CBEF002B-FE0F-43E0-A698-C9956A89AD78}.Release|Any CPU.Build.0 = Release|Any CPU
		{60C0CD6F-0C17-4E8F-A651-1B54EB20B4B6}.Debug|Any CPU.ActiveCfg = Debug|Any CPU
		{60C0CD6F-0C17-4E8F-A651-1B54EB20B4B6}.Debug|Any CPU.Build.0 = Debug|Any CPU
		{60C0CD6F-0C17-4E8F-A651-1B54EB20B4B6}.Release|Any CPU.ActiveCfg = Release|Any CPU
		{60C0CD6F-0C17-4E8F-A651-1B54EB20B4B6}.Release|Any CPU.Build.0 = Release|Any CPU
		{6D7DAE31-52AD-454A-847C-5C8517781FD6}.Debug|Any CPU.ActiveCfg = Debug|Any CPU
		{6D7DAE31-52AD-454A-847C-5C8517781FD6}.Debug|Any CPU.Build.0 = Debug|Any CPU
		{6D7DAE31-52AD-454A-847C-5C8517781FD6}.Release|Any CPU.ActiveCfg = Release|Any CPU
		{6D7DAE31-52AD-454A-847C-5C8517781FD6}.Release|Any CPU.Build.0 = Release|Any CPU
		{2823678E-4A6D-4B57-9764-EA7F055BD42A}.Debug|Any CPU.ActiveCfg = Debug|Any CPU
		{2823678E-4A6D-4B57-9764-EA7F055BD42A}.Debug|Any CPU.Build.0 = Debug|Any CPU
		{2823678E-4A6D-4B57-9764-EA7F055BD42A}.Release|Any CPU.ActiveCfg = Release|Any CPU
		{2823678E-4A6D-4B57-9764-EA7F055BD42A}.Release|Any CPU.Build.0 = Release|Any CPU
		{2821F647-7DCD-49CF-BE61-02B5307DE93E}.Debug|Any CPU.ActiveCfg = Debug|Any CPU
		{2821F647-7DCD-49CF-BE61-02B5307DE93E}.Debug|Any CPU.Build.0 = Debug|Any CPU
		{2821F647-7DCD-49CF-BE61-02B5307DE93E}.Release|Any CPU.ActiveCfg = Release|Any CPU
		{2821F647-7DCD-49CF-BE61-02B5307DE93E}.Release|Any CPU.Build.0 = Release|Any CPU
		{E4ECB8A7-6EE5-4D8A-9955-F5E43CFFE873}.Debug|Any CPU.ActiveCfg = Debug|Any CPU
		{E4ECB8A7-6EE5-4D8A-9955-F5E43CFFE873}.Debug|Any CPU.Build.0 = Debug|Any CPU
		{E4ECB8A7-6EE5-4D8A-9955-F5E43CFFE873}.Release|Any CPU.ActiveCfg = Release|Any CPU
		{E4ECB8A7-6EE5-4D8A-9955-F5E43CFFE873}.Release|Any CPU.Build.0 = Release|Any CPU
		{93E2A8E7-E674-4100-A39F-F52216F37400}.Debug|Any CPU.ActiveCfg = Debug|Any CPU
		{93E2A8E7-E674-4100-A39F-F52216F37400}.Debug|Any CPU.Build.0 = Debug|Any CPU
		{93E2A8E7-E674-4100-A39F-F52216F37400}.Release|Any CPU.ActiveCfg = Release|Any CPU
		{93E2A8E7-E674-4100-A39F-F52216F37400}.Release|Any CPU.Build.0 = Release|Any CPU
		{100904D5-BB56-46A3-9C54-CE042C106020}.Debug|Any CPU.ActiveCfg = Debug|Any CPU
		{100904D5-BB56-46A3-9C54-CE042C106020}.Debug|Any CPU.Build.0 = Debug|Any CPU
		{100904D5-BB56-46A3-9C54-CE042C106020}.Release|Any CPU.ActiveCfg = Release|Any CPU
		{100904D5-BB56-46A3-9C54-CE042C106020}.Release|Any CPU.Build.0 = Release|Any CPU
		{E7F2BE1B-CBE0-4E24-ADC2-7DB3E03FDA6D}.Debug|Any CPU.ActiveCfg = Debug|Any CPU
		{E7F2BE1B-CBE0-4E24-ADC2-7DB3E03FDA6D}.Debug|Any CPU.Build.0 = Debug|Any CPU
		{E7F2BE1B-CBE0-4E24-ADC2-7DB3E03FDA6D}.Release|Any CPU.ActiveCfg = Release|Any CPU
		{E7F2BE1B-CBE0-4E24-ADC2-7DB3E03FDA6D}.Release|Any CPU.Build.0 = Release|Any CPU
		{3016714C-1D4C-491D-85F2-B84A2D120B04}.Debug|Any CPU.ActiveCfg = Debug|Any CPU
		{3016714C-1D4C-491D-85F2-B84A2D120B04}.Debug|Any CPU.Build.0 = Debug|Any CPU
		{3016714C-1D4C-491D-85F2-B84A2D120B04}.Release|Any CPU.ActiveCfg = Release|Any CPU
		{3016714C-1D4C-491D-85F2-B84A2D120B04}.Release|Any CPU.Build.0 = Release|Any CPU
		{50D7C5E0-9723-4B4E-A18A-6B0EFE18EB3F}.Debug|Any CPU.ActiveCfg = Debug|Any CPU
		{50D7C5E0-9723-4B4E-A18A-6B0EFE18EB3F}.Debug|Any CPU.Build.0 = Debug|Any CPU
		{50D7C5E0-9723-4B4E-A18A-6B0EFE18EB3F}.Release|Any CPU.ActiveCfg = Release|Any CPU
		{50D7C5E0-9723-4B4E-A18A-6B0EFE18EB3F}.Release|Any CPU.Build.0 = Release|Any CPU
		{41A894ED-D727-4152-A0A4-AC3EC03CC621}.Debug|Any CPU.ActiveCfg = Debug|Any CPU
		{41A894ED-D727-4152-A0A4-AC3EC03CC621}.Debug|Any CPU.Build.0 = Debug|Any CPU
		{41A894ED-D727-4152-A0A4-AC3EC03CC621}.Release|Any CPU.ActiveCfg = Release|Any CPU
		{41A894ED-D727-4152-A0A4-AC3EC03CC621}.Release|Any CPU.Build.0 = Release|Any CPU
	EndGlobalSection
	GlobalSection(SolutionProperties) = preSolution
		HideSolutionNode = FALSE
	EndGlobalSection
	GlobalSection(NestedProjects) = preSolution
		{D9F62CB0-324F-43EC-A8C9-7B84D7FFC8D0} = {0A1F4387-9FA4-4159-BFC4-24F0DC7CFCD9}
		{9FEE8AEA-1881-4AE4-94F7-7ACFA6BDB902} = {0A1F4387-9FA4-4159-BFC4-24F0DC7CFCD9}
		{78A2296A-FA6D-4E55-847E-7295FADC25F1} = {0A1F4387-9FA4-4159-BFC4-24F0DC7CFCD9}
		{8796BDE8-4603-426A-99E2-C0759C0FFEE2} = {95F6E8E1-CB11-4F2E-B05E-4127018A15F5}
		{BC14DBAD-B434-4B33-9FE9-D72CDD728706} = {95F6E8E1-CB11-4F2E-B05E-4127018A15F5}
		{6CC809CA-08D5-4DBE-AC1D-CCA79F418D9A} = {95F6E8E1-CB11-4F2E-B05E-4127018A15F5}
		{CBEF002B-FE0F-43E0-A698-C9956A89AD78} = {C6A35A6F-9A83-4D01-BD55-FBBEA423D1D5}
		{60C0CD6F-0C17-4E8F-A651-1B54EB20B4B6} = {C6A35A6F-9A83-4D01-BD55-FBBEA423D1D5}
		{6D7DAE31-52AD-454A-847C-5C8517781FD6} = {C6A35A6F-9A83-4D01-BD55-FBBEA423D1D5}
		{2823678E-4A6D-4B57-9764-EA7F055BD42A} = {3EE622BA-8714-4DA2-95DD-2BE87C6DEF0C}
		{2821F647-7DCD-49CF-BE61-02B5307DE93E} = {3EE622BA-8714-4DA2-95DD-2BE87C6DEF0C}
		{E4ECB8A7-6EE5-4D8A-9955-F5E43CFFE873} = {3EE622BA-8714-4DA2-95DD-2BE87C6DEF0C}
		{93E2A8E7-E674-4100-A39F-F52216F37400} = {A399CABB-D011-45FF-9667-A44712EB2C15}
		{100904D5-BB56-46A3-9C54-CE042C106020} = {A399CABB-D011-45FF-9667-A44712EB2C15}
		{E7F2BE1B-CBE0-4E24-ADC2-7DB3E03FDA6D} = {A399CABB-D011-45FF-9667-A44712EB2C15}
		{3016714C-1D4C-491D-85F2-B84A2D120B04} = {3BFE1E53-73A4-4A0C-9E96-1DC014C16259}
		{50D7C5E0-9723-4B4E-A18A-6B0EFE18EB3F} = {3BFE1E53-73A4-4A0C-9E96-1DC014C16259}
		{41A894ED-D727-4152-A0A4-AC3EC03CC621} = {3BFE1E53-73A4-4A0C-9E96-1DC014C16259}
	EndGlobalSection
	GlobalSection(ExtensibilityGlobals) = postSolution
		SolutionGuid = {DEFF1FDC-477D-4D7A-956B-FEFA895EE3FA}
	EndGlobalSection
EndGlobal
